
Microsoft Visual Studio Solution File, Format Version 12.00
Project("{FAE04EC0-301F-11D3-BF4B-00C04F79EFBC}") = "Chip-8", "Chip-8.csproj", "{57303C36-C1B8-4A99-A862-BD168F45BF24}"
EndProject
Global
	GlobalSection(SolutionConfigurationPlatforms) = preSolution
		Debug|Any CPU = Debug|Any CPU
		Release|Any CPU = Release|Any CPU
	EndGlobalSection
	GlobalSection(ProjectConfigurationPlatforms) = postSolution
		{57303C36-C1B8-4A99-A862-BD168F45BF24}.Debug|Any CPU.ActiveCfg = Debug|Any CPU
		{57303C36-C1B8-4A99-A862-BD168F45BF24}.Debug|Any CPU.Build.0 = Debug|Any CPU
		{57303C36-C1B8-4A99-A862-BD168F45BF24}.Release|Any CPU.ActiveCfg = Release|Any CPU
		{57303C36-C1B8-4A99-A862-BD168F45BF24}.Release|Any CPU.Build.0 = Release|Any CPU
	EndGlobalSection
EndGlobal
